
Microsoft Visual Studio Solution File, Format Version 12.00
# Visual Studio Version 16
VisualStudioVersion = 16.0.29025.244
MinimumVisualStudioVersion = 10.0.40219.1
Project("{FAE04EC0-301F-11D3-BF4B-00C04F79EFBC}") = "Blue-CalculatorUI", "Blue-CalculatorUI\CalculatorUI.csproj", "{ADBEFF1B-8CC4-4FC4-A21B-CD71E81620C4}"
EndProject
Global
	GlobalSection(SolutionConfigurationPlatforms) = preSolution
		Debug|Any CPU = Debug|Any CPU
		Release|Any CPU = Release|Any CPU
	EndGlobalSection
	GlobalSection(ProjectConfigurationPlatforms) = postSolution
		{ADBEFF1B-8CC4-4FC4-A21B-CD71E81620C4}.Debug|Any CPU.ActiveCfg = Debug|Any CPU
		{ADBEFF1B-8CC4-4FC4-A21B-CD71E81620C4}.Debug|Any CPU.Build.0 = Debug|Any CPU
		{ADBEFF1B-8CC4-4FC4-A21B-CD71E81620C4}.Release|Any CPU.ActiveCfg = Release|Any CPU
		{ADBEFF1B-8CC4-4FC4-A21B-CD71E81620C4}.Release|Any CPU.Build.0 = Release|Any CPU
	EndGlobalSection
	GlobalSection(SolutionProperties) = preSolution
		HideSolutionNode = FALSE
	EndGlobalSection
	GlobalSection(ExtensibilityGlobals) = postSolution
		SolutionGuid = {2FBD10BE-3C90-4840-8FD7-C6D7981213BB}
	EndGlobalSection
EndGlobal
